
Microsoft Visual Studio Solution File, Format Version 12.00
# Visual Studio Version 16
VisualStudioVersion = 16.0.29503.13
MinimumVisualStudioVersion = 10.0.40219.1
Project("{FAE04EC0-301F-11D3-BF4B-00C04F79EFBC}") = "LanChat", "LanChat\LanChat.csproj", "{D0718347-973F-4E3C-BC97-C24DC28B87EE}"
EndProject
Project("{FAE04EC0-301F-11D3-BF4B-00C04F79EFBC}") = "LanChatTests", "LanChatTests\LanChatTests.csproj", "{D156FAE0-66CF-4039-933A-90768F6B1011}"
EndProject
Global
	GlobalSection(SolutionConfigurationPlatforms) = preSolution
		Debug|Any CPU = Debug|Any CPU
		Release|Any CPU = Release|Any CPU
	EndGlobalSection
	GlobalSection(ProjectConfigurationPlatforms) = postSolution
		{D0718347-973F-4E3C-BC97-C24DC28B87EE}.Debug|Any CPU.ActiveCfg = Debug|Any CPU
		{D0718347-973F-4E3C-BC97-C24DC28B87EE}.Debug|Any CPU.Build.0 = Debug|Any CPU
		{D0718347-973F-4E3C-BC97-C24DC28B87EE}.Release|Any CPU.ActiveCfg = Release|Any CPU
		{D0718347-973F-4E3C-BC97-C24DC28B87EE}.Release|Any CPU.Build.0 = Release|Any CPU
		{D156FAE0-66CF-4039-933A-90768F6B1011}.Debug|Any CPU.ActiveCfg = Debug|Any CPU
		{D156FAE0-66CF-4039-933A-90768F6B1011}.Debug|Any CPU.Build.0 = Debug|Any CPU
		{D156FAE0-66CF-4039-933A-90768F6B1011}.Release|Any CPU.ActiveCfg = Release|Any CPU
		{D156FAE0-66CF-4039-933A-90768F6B1011}.Release|Any CPU.Build.0 = Release|Any CPU
	EndGlobalSection
	GlobalSection(SolutionProperties) = preSolution
		HideSolutionNode = FALSE
	EndGlobalSection
	GlobalSection(ExtensibilityGlobals) = postSolution
		SolutionGuid = {F864D3B5-1E78-4CBD-AB2F-CD16323F3E8A}
	EndGlobalSection
EndGlobal
